
Microsoft Visual Studio Solution File, Format Version 12.00
# Visual Studio Version 16
VisualStudioVersion = 16.0.31112.23
MinimumVisualStudioVersion = 10.0.40219.1
Project("{8BC9CEB8-8B4A-11D0-8D11-00A0C91BC942}") = "task4", "task4\task4.vcxproj", "{4889F4D7-B61E-4965-9E7F-D7999E81E6A9}"
EndProject
Project("{8BC9CEB8-8B4A-11D0-8D11-00A0C91BC942}") = "task4_tests", "task4_tests\task4_tests.vcxproj", "{51B9D410-4FC2-4F0F-8FCD-0338EA26343A}"
EndProject
Global
	GlobalSection(SolutionConfigurationPlatforms) = preSolution
		Debug|x64 = Debug|x64
		Debug|x86 = Debug|x86
		Release|x64 = Release|x64
		Release|x86 = Release|x86
	EndGlobalSection
	GlobalSection(ProjectConfigurationPlatforms) = postSolution
		{4889F4D7-B61E-4965-9E7F-D7999E81E6A9}.Debug|x64.ActiveCfg = Debug|x64
		{4889F4D7-B61E-4965-9E7F-D7999E81E6A9}.Debug|x64.Build.0 = Debug|x64
		{4889F4D7-B61E-4965-9E7F-D7999E81E6A9}.Debug|x86.ActiveCfg = Debug|Win32
		{4889F4D7-B61E-4965-9E7F-D7999E81E6A9}.Debug|x86.Build.0 = Debug|Win32
		{4889F4D7-B61E-4965-9E7F-D7999E81E6A9}.Release|x64.ActiveCfg = Release|x64
		{4889F4D7-B61E-4965-9E7F-D7999E81E6A9}.Release|x64.Build.0 = Release|x64
		{4889F4D7-B61E-4965-9E7F-D7999E81E6A9}.Release|x86.ActiveCfg = Release|Win32
		{4889F4D7-B61E-4965-9E7F-D7999E81E6A9}.Release|x86.Build.0 = Release|Win32
		{51B9D410-4FC2-4F0F-8FCD-0338EA26343A}.Debug|x64.ActiveCfg = Debug|x64
		{51B9D410-4FC2-4F0F-8FCD-0338EA26343A}.Debug|x64.Build.0 = Debug|x64
		{51B9D410-4FC2-4F0F-8FCD-0338EA26343A}.Debug|x86.ActiveCfg = Debug|Win32
		{51B9D410-4FC2-4F0F-8FCD-0338EA26343A}.Debug|x86.Build.0 = Debug|Win32
		{51B9D410-4FC2-4F0F-8FCD-0338EA26343A}.Release|x64.ActiveCfg = Release|x64
		{51B9D410-4FC2-4F0F-8FCD-0338EA26343A}.Release|x64.Build.0 = Release|x64
		{51B9D410-4FC2-4F0F-8FCD-0338EA26343A}.Release|x86.ActiveCfg = Release|Win32
		{51B9D410-4FC2-4F0F-8FCD-0338EA26343A}.Release|x86.Build.0 = Release|Win32
	EndGlobalSection
	GlobalSection(SolutionProperties) = preSolution
		HideSolutionNode = FALSE
	EndGlobalSection
	GlobalSection(ExtensibilityGlobals) = postSolution
		SolutionGuid = {F526FDEB-EF37-48BA-A89C-08A63CC57FF6}
	EndGlobalSection
EndGlobal
